
Microsoft Visual Studio Solution File, Format Version 12.00
# Visual Studio Version 17
VisualStudioVersion = 17.3.32922.545
MinimumVisualStudioVersion = 10.0.40219.1
Project("{FAE04EC0-301F-11D3-BF4B-00C04F79EFBC}") = "CENV_JMH.UI", "CENV_JMH.UI\CENV_JMH.UI.csproj", "{107F9D7C-92A9-455B-88F6-623610637BB3}"
EndProject
Global
	GlobalSection(SolutionConfigurationPlatforms) = preSolution
		Debug|Any CPU = Debug|Any CPU
		Release|Any CPU = Release|Any CPU
	EndGlobalSection
	GlobalSection(ProjectConfigurationPlatforms) = postSolution
		{107F9D7C-92A9-455B-88F6-623610637BB3}.Debug|Any CPU.ActiveCfg = Debug|Any CPU
		{107F9D7C-92A9-455B-88F6-623610637BB3}.Debug|Any CPU.Build.0 = Debug|Any CPU
		{107F9D7C-92A9-455B-88F6-623610637BB3}.Release|Any CPU.ActiveCfg = Release|Any CPU
		{107F9D7C-92A9-455B-88F6-623610637BB3}.Release|Any CPU.Build.0 = Release|Any CPU
	EndGlobalSection
	GlobalSection(SolutionProperties) = preSolution
		HideSolutionNode = FALSE
	EndGlobalSection
	GlobalSection(ExtensibilityGlobals) = postSolution
		SolutionGuid = {A2DDD4DD-9F65-4553-BC62-E30A9250B725}
	EndGlobalSection
EndGlobal
