
Microsoft Visual Studio Solution File, Format Version 12.00
# Visual Studio Version 17
VisualStudioVersion = 17.3.32922.545
MinimumVisualStudioVersion = 10.0.40219.1
Project("{9A19103F-16F7-4668-BE54-9A1E7A4F7556}") = "CENV_JMH.DO", "CENV_JMH.DO\CENV_JMH.DO.csproj", "{FB2376E9-B4FD-4267-B0EE-D9C1EDB7973E}"
EndProject
Project("{9A19103F-16F7-4668-BE54-9A1E7A4F7556}") = "CENV_JMH.Services", "CENV_JMH.Services\CENV_JMH.Services.csproj", "{78C43801-0CB0-4052-BF96-41B4A02C655D}"
EndProject
Project("{9A19103F-16F7-4668-BE54-9A1E7A4F7556}") = "CENV_JMH.DA", "CENV_JMH.DA\CENV_JMH.DA.csproj", "{2A1F98E6-6B3E-442B-822E-217BC993B1DC}"
EndProject
Project("{9A19103F-16F7-4668-BE54-9A1E7A4F7556}") = "CENV.UI.Web", "CENV.UI.Web\CENV.UI.Web.csproj", "{22FF55CB-D6C1-4E87-A4FF-B37897A8E2D7}"
EndProject
Project("{9A19103F-16F7-4668-BE54-9A1E7A4F7556}") = "CENV_JMH.API", "CENV_JMH.API\CENV_JMH.API.csproj", "{D02B3DFA-5716-477C-9203-9A350F8EDB63}"
EndProject
Global
	GlobalSection(SolutionConfigurationPlatforms) = preSolution
		Debug|Any CPU = Debug|Any CPU
		Release|Any CPU = Release|Any CPU
	EndGlobalSection
	GlobalSection(ProjectConfigurationPlatforms) = postSolution
		{FB2376E9-B4FD-4267-B0EE-D9C1EDB7973E}.Debug|Any CPU.ActiveCfg = Debug|Any CPU
		{FB2376E9-B4FD-4267-B0EE-D9C1EDB7973E}.Debug|Any CPU.Build.0 = Debug|Any CPU
		{FB2376E9-B4FD-4267-B0EE-D9C1EDB7973E}.Release|Any CPU.ActiveCfg = Release|Any CPU
		{FB2376E9-B4FD-4267-B0EE-D9C1EDB7973E}.Release|Any CPU.Build.0 = Release|Any CPU
		{78C43801-0CB0-4052-BF96-41B4A02C655D}.Debug|Any CPU.ActiveCfg = Debug|Any CPU
		{78C43801-0CB0-4052-BF96-41B4A02C655D}.Debug|Any CPU.Build.0 = Debug|Any CPU
		{78C43801-0CB0-4052-BF96-41B4A02C655D}.Release|Any CPU.ActiveCfg = Release|Any CPU
		{78C43801-0CB0-4052-BF96-41B4A02C655D}.Release|Any CPU.Build.0 = Release|Any CPU
		{2A1F98E6-6B3E-442B-822E-217BC993B1DC}.Debug|Any CPU.ActiveCfg = Debug|Any CPU
		{2A1F98E6-6B3E-442B-822E-217BC993B1DC}.Debug|Any CPU.Build.0 = Debug|Any CPU
		{2A1F98E6-6B3E-442B-822E-217BC993B1DC}.Release|Any CPU.ActiveCfg = Release|Any CPU
		{2A1F98E6-6B3E-442B-822E-217BC993B1DC}.Release|Any CPU.Build.0 = Release|Any CPU
		{22FF55CB-D6C1-4E87-A4FF-B37897A8E2D7}.Debug|Any CPU.ActiveCfg = Debug|Any CPU
		{22FF55CB-D6C1-4E87-A4FF-B37897A8E2D7}.Debug|Any CPU.Build.0 = Debug|Any CPU
		{22FF55CB-D6C1-4E87-A4FF-B37897A8E2D7}.Release|Any CPU.ActiveCfg = Release|Any CPU
		{22FF55CB-D6C1-4E87-A4FF-B37897A8E2D7}.Release|Any CPU.Build.0 = Release|Any CPU
		{D02B3DFA-5716-477C-9203-9A350F8EDB63}.Debug|Any CPU.ActiveCfg = Debug|Any CPU
		{D02B3DFA-5716-477C-9203-9A350F8EDB63}.Debug|Any CPU.Build.0 = Debug|Any CPU
		{D02B3DFA-5716-477C-9203-9A350F8EDB63}.Release|Any CPU.ActiveCfg = Release|Any CPU
		{D02B3DFA-5716-477C-9203-9A350F8EDB63}.Release|Any CPU.Build.0 = Release|Any CPU
	EndGlobalSection
	GlobalSection(SolutionProperties) = preSolution
		HideSolutionNode = FALSE
	EndGlobalSection
	GlobalSection(ExtensibilityGlobals) = postSolution
		SolutionGuid = {A2DDD4DD-9F65-4553-BC62-E30A9250B725}
	EndGlobalSection
EndGlobal
